// !$*UTF8*$!
{
	archiveVersion = 1;
	classes = {
	};
	objectVersion = 46;
	objects = {

/* Begin PBXBuildFile section */
		1FC37DA4573A6C49290894DC /* Pods_TAKKitSwiftSample.framework in Frameworks */ = {isa = PBXBuildFile; fileRef = 775758D6E7813BE361A6B6A9 /* Pods_TAKKitSwiftSample.framework */; };
		53258CAB0289402A98442554 /* Pods_TAKKitSwiftSampleTests.framework in Frameworks */ = {isa = PBXBuildFile; fileRef = 4478473CA3B4E7B425A58E82 /* Pods_TAKKitSwiftSampleTests.framework */; };
		864470E81A979FE600110272 /* AppDelegate.swift in Sources */ = {isa = PBXBuildFile; fileRef = 864470E71A979FE600110272 /* AppDelegate.swift */; };
		864470EA1A979FE600110272 /* ViewController.swift in Sources */ = {isa = PBXBuildFile; fileRef = 864470E91A979FE600110272 /* ViewController.swift */; };
		864470ED1A979FE600110272 /* Main.storyboard in Resources */ = {isa = PBXBuildFile; fileRef = 864470EB1A979FE600110272 /* Main.storyboard */; };
		864470EF1A979FE600110272 /* Images.xcassets in Resources */ = {isa = PBXBuildFile; fileRef = 864470EE1A979FE600110272 /* Images.xcassets */; };
		864470F21A979FE600110272 /* LaunchScreen.xib in Resources */ = {isa = PBXBuildFile; fileRef = 864470F01A979FE600110272 /* LaunchScreen.xib */; };
		868599121C218B8A00410AD7 /* KeyboardSampleViewController.swift in Sources */ = {isa = PBXBuildFile; fileRef = 868599111C218B8A00410AD7 /* KeyboardSampleViewController.swift */; };
		8690249E1BDA745500B6A66A /* PhotoSelectorSampleViewController.swift in Sources */ = {isa = PBXBuildFile; fileRef = 8690249D1BDA745500B6A66A /* PhotoSelectorSampleViewController.swift */; };
		8692EFE81BB7A05600898709 /* NSNotificationTest.swift in Sources */ = {isa = PBXBuildFile; fileRef = 8692EFE61BB7A05600898709 /* NSNotificationTest.swift */; };
		8692EFE91BB7A05600898709 /* TAKBlockTest.swift in Sources */ = {isa = PBXBuildFile; fileRef = 8692EFE71BB7A05600898709 /* TAKBlockTest.swift */; };
/* End PBXBuildFile section */

/* Begin PBXContainerItemProxy section */
		8692EFE01BB7A02B00898709 /* PBXContainerItemProxy */ = {
			isa = PBXContainerItemProxy;
			containerPortal = 864470DA1A979FE600110272 /* Project object */;
			proxyType = 1;
			remoteGlobalIDString = 864470E11A979FE600110272;
			remoteInfo = TAKKitSwiftSample;
		};
/* End PBXContainerItemProxy section */

/* Begin PBXFileReference section */
		2EC7897A5B550E900AE5CA4F /* Pods-TAKKitSwiftSampleTests.debug.xcconfig */ = {isa = PBXFileReference; includeInIndex = 1; lastKnownFileType = text.xcconfig; name = "Pods-TAKKitSwiftSampleTests.debug.xcconfig"; path = "Pods/Target Support Files/Pods-TAKKitSwiftSampleTests/Pods-TAKKitSwiftSampleTests.debug.xcconfig"; sourceTree = "<group>"; };
		4478473CA3B4E7B425A58E82 /* Pods_TAKKitSwiftSampleTests.framework */ = {isa = PBXFileReference; explicitFileType = wrapper.framework; includeInIndex = 0; path = Pods_TAKKitSwiftSampleTests.framework; sourceTree = BUILT_PRODUCTS_DIR; };
		775758D6E7813BE361A6B6A9 /* Pods_TAKKitSwiftSample.framework */ = {isa = PBXFileReference; explicitFileType = wrapper.framework; includeInIndex = 0; path = Pods_TAKKitSwiftSample.framework; sourceTree = BUILT_PRODUCTS_DIR; };
		864470E21A979FE600110272 /* TAKKitSwiftSample.app */ = {isa = PBXFileReference; explicitFileType = wrapper.application; includeInIndex = 0; path = TAKKitSwiftSample.app; sourceTree = BUILT_PRODUCTS_DIR; };
		864470E61A979FE600110272 /* Info.plist */ = {isa = PBXFileReference; lastKnownFileType = text.plist.xml; path = Info.plist; sourceTree = "<group>"; };
		864470E71A979FE600110272 /* AppDelegate.swift */ = {isa = PBXFileReference; lastKnownFileType = sourcecode.swift; path = AppDelegate.swift; sourceTree = "<group>"; };
		864470E91A979FE600110272 /* ViewController.swift */ = {isa = PBXFileReference; lastKnownFileType = sourcecode.swift; path = ViewController.swift; sourceTree = "<group>"; };
		864470EC1A979FE600110272 /* Base */ = {isa = PBXFileReference; lastKnownFileType = file.storyboard; name = Base; path = Base.lproj/Main.storyboard; sourceTree = "<group>"; };
		864470EE1A979FE600110272 /* Images.xcassets */ = {isa = PBXFileReference; lastKnownFileType = folder.assetcatalog; path = Images.xcassets; sourceTree = "<group>"; };
		864470F11A979FE600110272 /* Base */ = {isa = PBXFileReference; lastKnownFileType = file.xib; name = Base; path = Base.lproj/LaunchScreen.xib; sourceTree = "<group>"; };
		868599111C218B8A00410AD7 /* KeyboardSampleViewController.swift */ = {isa = PBXFileReference; fileEncoding = 4; lastKnownFileType = sourcecode.swift; path = KeyboardSampleViewController.swift; sourceTree = "<group>"; };
		8690249D1BDA745500B6A66A /* PhotoSelectorSampleViewController.swift */ = {isa = PBXFileReference; fileEncoding = 4; lastKnownFileType = sourcecode.swift; path = PhotoSelectorSampleViewController.swift; sourceTree = "<group>"; };
		8692EFDB1BB7A02A00898709 /* TAKKitSwiftSampleTests.xctest */ = {isa = PBXFileReference; explicitFileType = wrapper.cfbundle; includeInIndex = 0; path = TAKKitSwiftSampleTests.xctest; sourceTree = BUILT_PRODUCTS_DIR; };
		8692EFDF1BB7A02B00898709 /* Info.plist */ = {isa = PBXFileReference; lastKnownFileType = text.plist.xml; path = Info.plist; sourceTree = "<group>"; };
		8692EFE61BB7A05600898709 /* NSNotificationTest.swift */ = {isa = PBXFileReference; fileEncoding = 4; lastKnownFileType = sourcecode.swift; path = NSNotificationTest.swift; sourceTree = "<group>"; };
		8692EFE71BB7A05600898709 /* TAKBlockTest.swift */ = {isa = PBXFileReference; fileEncoding = 4; lastKnownFileType = sourcecode.swift; path = TAKBlockTest.swift; sourceTree = "<group>"; };
		A4D73D43BB75EDCE2DC247C4 /* Pods-TAKKitSwiftSampleTests.release.xcconfig */ = {isa = PBXFileReference; includeInIndex = 1; lastKnownFileType = text.xcconfig; name = "Pods-TAKKitSwiftSampleTests.release.xcconfig"; path = "Pods/Target Support Files/Pods-TAKKitSwiftSampleTests/Pods-TAKKitSwiftSampleTests.release.xcconfig"; sourceTree = "<group>"; };
		A9D6DE33EA6BBC75B3A42907 /* Pods-TAKKitSwiftSample.release.xcconfig */ = {isa = PBXFileReference; includeInIndex = 1; lastKnownFileType = text.xcconfig; name = "Pods-TAKKitSwiftSample.release.xcconfig"; path = "Pods/Target Support Files/Pods-TAKKitSwiftSample/Pods-TAKKitSwiftSample.release.xcconfig"; sourceTree = "<group>"; };
		B61AEF98FD2F7EB310D161E7 /* Pods-TAKKitSwiftSample.debug.xcconfig */ = {isa = PBXFileReference; includeInIndex = 1; lastKnownFileType = text.xcconfig; name = "Pods-TAKKitSwiftSample.debug.xcconfig"; path = "Pods/Target Support Files/Pods-TAKKitSwiftSample/Pods-TAKKitSwiftSample.debug.xcconfig"; sourceTree = "<group>"; };
/* End PBXFileReference section */

/* Begin PBXFrameworksBuildPhase section */
		864470DF1A979FE600110272 /* Frameworks */ = {
			isa = PBXFrameworksBuildPhase;
			buildActionMask = 2147483647;
			files = (
				1FC37DA4573A6C49290894DC /* Pods_TAKKitSwiftSample.framework in Frameworks */,
			);
			runOnlyForDeploymentPostprocessing = 0;
		};
		8692EFD81BB7A02A00898709 /* Frameworks */ = {
			isa = PBXFrameworksBuildPhase;
			buildActionMask = 2147483647;
			files = (
				53258CAB0289402A98442554 /* Pods_TAKKitSwiftSampleTests.framework in Frameworks */,
			);
			runOnlyForDeploymentPostprocessing = 0;
		};
/* End PBXFrameworksBuildPhase section */

/* Begin PBXGroup section */
		58F163D2AE0BD14235A3F4A7 /* Pods */ = {
			isa = PBXGroup;
			children = (
				B61AEF98FD2F7EB310D161E7 /* Pods-TAKKitSwiftSample.debug.xcconfig */,
				A9D6DE33EA6BBC75B3A42907 /* Pods-TAKKitSwiftSample.release.xcconfig */,
				2EC7897A5B550E900AE5CA4F /* Pods-TAKKitSwiftSampleTests.debug.xcconfig */,
				A4D73D43BB75EDCE2DC247C4 /* Pods-TAKKitSwiftSampleTests.release.xcconfig */,
			);
			name = Pods;
			sourceTree = "<group>";
		};
		864470D91A979FE600110272 = {
			isa = PBXGroup;
			children = (
				864470E41A979FE600110272 /* TAKKitSwiftSample */,
				8692EFDC1BB7A02B00898709 /* TAKKitSwiftSampleTests */,
				864470E31A979FE600110272 /* Products */,
				58F163D2AE0BD14235A3F4A7 /* Pods */,
				CDE7B366ECE4C914E2644A71 /* Frameworks */,
			);
			sourceTree = "<group>";
		};
		864470E31A979FE600110272 /* Products */ = {
			isa = PBXGroup;
			children = (
				864470E21A979FE600110272 /* TAKKitSwiftSample.app */,
				8692EFDB1BB7A02A00898709 /* TAKKitSwiftSampleTests.xctest */,
			);
			name = Products;
			sourceTree = "<group>";
		};
		864470E41A979FE600110272 /* TAKKitSwiftSample */ = {
			isa = PBXGroup;
			children = (
				864470E71A979FE600110272 /* AppDelegate.swift */,
				864470E91A979FE600110272 /* ViewController.swift */,
				8690249D1BDA745500B6A66A /* PhotoSelectorSampleViewController.swift */,
				868599111C218B8A00410AD7 /* KeyboardSampleViewController.swift */,
				864470EB1A979FE600110272 /* Main.storyboard */,
				864470EE1A979FE600110272 /* Images.xcassets */,
				864470F01A979FE600110272 /* LaunchScreen.xib */,
				864470E51A979FE600110272 /* Supporting Files */,
			);
			path = TAKKitSwiftSample;
			sourceTree = "<group>";
		};
		864470E51A979FE600110272 /* Supporting Files */ = {
			isa = PBXGroup;
			children = (
				864470E61A979FE600110272 /* Info.plist */,
			);
			name = "Supporting Files";
			sourceTree = "<group>";
		};
		8692EFDC1BB7A02B00898709 /* TAKKitSwiftSampleTests */ = {
			isa = PBXGroup;
			children = (
				8692EFE51BB7A03F00898709 /* Core */,
				8692EFDF1BB7A02B00898709 /* Info.plist */,
			);
			path = TAKKitSwiftSampleTests;
			sourceTree = "<group>";
		};
		8692EFE51BB7A03F00898709 /* Core */ = {
			isa = PBXGroup;
			children = (
				8692EFE61BB7A05600898709 /* NSNotificationTest.swift */,
				8692EFE71BB7A05600898709 /* TAKBlockTest.swift */,
			);
			name = Core;
			sourceTree = "<group>";
		};
		CDE7B366ECE4C914E2644A71 /* Frameworks */ = {
			isa = PBXGroup;
			children = (
				775758D6E7813BE361A6B6A9 /* Pods_TAKKitSwiftSample.framework */,
				4478473CA3B4E7B425A58E82 /* Pods_TAKKitSwiftSampleTests.framework */,
			);
			name = Frameworks;
			sourceTree = "<group>";
		};
/* End PBXGroup section */

/* Begin PBXNativeTarget section */
		864470E11A979FE600110272 /* TAKKitSwiftSample */ = {
			isa = PBXNativeTarget;
			buildConfigurationList = 864471011A979FE600110272 /* Build configuration list for PBXNativeTarget "TAKKitSwiftSample" */;
			buildPhases = (
				487915D56FE31792B01CD6A1 /* [CP] Check Pods Manifest.lock */,
				864470DE1A979FE600110272 /* Sources */,
				864470DF1A979FE600110272 /* Frameworks */,
				864470E01A979FE600110272 /* Resources */,
				FCDD0ADF8F81E0E7F162ACDC /* [CP] Embed Pods Frameworks */,
				D1C8519820189827C24A9C4A /* [CP] Copy Pods Resources */,
			);
			buildRules = (
			);
			dependencies = (
			);
			name = TAKKitSwiftSample;
			productName = TAKKitSwiftSample;
			productReference = 864470E21A979FE600110272 /* TAKKitSwiftSample.app */;
			productType = "com.apple.product-type.application";
		};
		8692EFDA1BB7A02A00898709 /* TAKKitSwiftSampleTests */ = {
			isa = PBXNativeTarget;
			buildConfigurationList = 8692EFE21BB7A02B00898709 /* Build configuration list for PBXNativeTarget "TAKKitSwiftSampleTests" */;
			buildPhases = (
				82A1D0742329BFE142A0491D /* [CP] Check Pods Manifest.lock */,
				8692EFD71BB7A02A00898709 /* Sources */,
				8692EFD81BB7A02A00898709 /* Frameworks */,
				8692EFD91BB7A02A00898709 /* Resources */,
				FB9F380B0BFB8DD494E04A29 /* [CP] Embed Pods Frameworks */,
				01AAB54C120ECF7D25534663 /* [CP] Copy Pods Resources */,
			);
			buildRules = (
			);
			dependencies = (
				8692EFE11BB7A02B00898709 /* PBXTargetDependency */,
			);
			name = TAKKitSwiftSampleTests;
			productName = TAKKitSwiftSampleTests;
			productReference = 8692EFDB1BB7A02A00898709 /* TAKKitSwiftSampleTests.xctest */;
			productType = "com.apple.product-type.bundle.unit-test";
		};
/* End PBXNativeTarget section */

/* Begin PBXProject section */
		864470DA1A979FE600110272 /* Project object */ = {
			isa = PBXProject;
			attributes = {
				LastSwiftUpdateCheck = 0700;
				LastUpgradeCheck = 0700;
				ORGANIZATIONNAME = "Takahiro Ooishi";
				TargetAttributes = {
					864470E11A979FE600110272 = {
						CreatedOnToolsVersion = 6.1.1;
					};
					8692EFDA1BB7A02A00898709 = {
						CreatedOnToolsVersion = 7.0;
						TestTargetID = 864470E11A979FE600110272;
					};
				};
			};
			buildConfigurationList = 864470DD1A979FE600110272 /* Build configuration list for PBXProject "TAKKitSwiftSample" */;
			compatibilityVersion = "Xcode 3.2";
			developmentRegion = English;
			hasScannedForEncodings = 0;
			knownRegions = (
				en,
				Base,
			);
			mainGroup = 864470D91A979FE600110272;
			productRefGroup = 864470E31A979FE600110272 /* Products */;
			projectDirPath = "";
			projectRoot = "";
			targets = (
				864470E11A979FE600110272 /* TAKKitSwiftSample */,
				8692EFDA1BB7A02A00898709 /* TAKKitSwiftSampleTests */,
			);
		};
/* End PBXProject section */

/* Begin PBXResourcesBuildPhase section */
		864470E01A979FE600110272 /* Resources */ = {
			isa = PBXResourcesBuildPhase;
			buildActionMask = 2147483647;
			files = (
				864470ED1A979FE600110272 /* Main.storyboard in Resources */,
				864470F21A979FE600110272 /* LaunchScreen.xib in Resources */,
				864470EF1A979FE600110272 /* Images.xcassets in Resources */,
			);
			runOnlyForDeploymentPostprocessing = 0;
		};
		8692EFD91BB7A02A00898709 /* Resources */ = {
			isa = PBXResourcesBuildPhase;
			buildActionMask = 2147483647;
			files = (
			);
			runOnlyForDeploymentPostprocessing = 0;
		};
/* End PBXResourcesBuildPhase section */

/* Begin PBXShellScriptBuildPhase section */
		01AAB54C120ECF7D25534663 /* [CP] Copy Pods Resources */ = {
			isa = PBXShellScriptBuildPhase;
			buildActionMask = 2147483647;
			files = (
			);
			inputPaths = (
			);
			name = "[CP] Copy Pods Resources";
			outputPaths = (
			);
			runOnlyForDeploymentPostprocessing = 0;
			shellPath = /bin/sh;
			shellScript = "\"${SRCROOT}/Pods/Target Support Files/Pods-TAKKitSwiftSampleTests/Pods-TAKKitSwiftSampleTests-resources.sh\"\n";
			showEnvVarsInLog = 0;
		};
		487915D56FE31792B01CD6A1 /* [CP] Check Pods Manifest.lock */ = {
			isa = PBXShellScriptBuildPhase;
			buildActionMask = 2147483647;
			files = (
			);
			inputPaths = (
			);
			name = "[CP] Check Pods Manifest.lock";
			outputPaths = (
			);
			runOnlyForDeploymentPostprocessing = 0;
			shellPath = /bin/sh;
			shellScript = "diff \"${PODS_ROOT}/../Podfile.lock\" \"${PODS_ROOT}/Manifest.lock\" > /dev/null\nif [[ $? != 0 ]] ; then\n    cat << EOM\nerror: The sandbox is not in sync with the Podfile.lock. Run 'pod install' or update your CocoaPods installation.\nEOM\n    exit 1\nfi\n";
			showEnvVarsInLog = 0;
		};
		82A1D0742329BFE142A0491D /* [CP] Check Pods Manifest.lock */ = {
			isa = PBXShellScriptBuildPhase;
			buildActionMask = 2147483647;
			files = (
			);
			inputPaths = (
			);
			name = "[CP] Check Pods Manifest.lock";
			outputPaths = (
			);
			runOnlyForDeploymentPostprocessing = 0;
			shellPath = /bin/sh;
			shellScript = "diff \"${PODS_ROOT}/../Podfile.lock\" \"${PODS_ROOT}/Manifest.lock\" > /dev/null\nif [[ $? != 0 ]] ; then\n    cat << EOM\nerror: The sandbox is not in sync with the Podfile.lock. Run 'pod install' or update your CocoaPods installation.\nEOM\n    exit 1\nfi\n";
			showEnvVarsInLog = 0;
		};
		D1C8519820189827C24A9C4A /* [CP] Copy Pods Resources */ = {
			isa = PBXShellScriptBuildPhase;
			buildActionMask = 2147483647;
			files = (
			);
			inputPaths = (
			);
			name = "[CP] Copy Pods Resources";
			outputPaths = (
			);
			runOnlyForDeploymentPostprocessing = 0;
			shellPath = /bin/sh;
			shellScript = "\"${SRCROOT}/Pods/Target Support Files/Pods-TAKKitSwiftSample/Pods-TAKKitSwiftSample-resources.sh\"\n";
			showEnvVarsInLog = 0;
		};
		FB9F380B0BFB8DD494E04A29 /* [CP] Embed Pods Frameworks */ = {
			isa = PBXShellScriptBuildPhase;
			buildActionMask = 2147483647;
			files = (
			);
			inputPaths = (
			);
			name = "[CP] Embed Pods Frameworks";
			outputPaths = (
			);
			runOnlyForDeploymentPostprocessing = 0;
			shellPath = /bin/sh;
			shellScript = "\"${SRCROOT}/Pods/Target Support Files/Pods-TAKKitSwiftSampleTests/Pods-TAKKitSwiftSampleTests-frameworks.sh\"\n";
			showEnvVarsInLog = 0;
		};
		FCDD0ADF8F81E0E7F162ACDC /* [CP] Embed Pods Frameworks */ = {
			isa = PBXShellScriptBuildPhase;
			buildActionMask = 2147483647;
			files = (
			);
			inputPaths = (
			);
			name = "[CP] Embed Pods Frameworks";
			outputPaths = (
			);
			runOnlyForDeploymentPostprocessing = 0;
			shellPath = /bin/sh;
			shellScript = "\"${SRCROOT}/Pods/Target Support Files/Pods-TAKKitSwiftSample/Pods-TAKKitSwiftSample-frameworks.sh\"\n";
			showEnvVarsInLog = 0;
		};
/* End PBXShellScriptBuildPhase section */

/* Begin PBXSourcesBuildPhase section */
		864470DE1A979FE600110272 /* Sources */ = {
			isa = PBXSourcesBuildPhase;
			buildActionMask = 2147483647;
			files = (
				864470EA1A979FE600110272 /* ViewController.swift in Sources */,
				864470E81A979FE600110272 /* AppDelegate.swift in Sources */,
				8690249E1BDA745500B6A66A /* PhotoSelectorSampleViewController.swift in Sources */,
				868599121C218B8A00410AD7 /* KeyboardSampleViewController.swift in Sources */,
			);
			runOnlyForDeploymentPostprocessing = 0;
		};
		8692EFD71BB7A02A00898709 /* Sources */ = {
			isa = PBXSourcesBuildPhase;
			buildActionMask = 2147483647;
			files = (
				8692EFE91BB7A05600898709 /* TAKBlockTest.swift in Sources */,
				8692EFE81BB7A05600898709 /* NSNotificationTest.swift in Sources */,
			);
			runOnlyForDeploymentPostprocessing = 0;
		};
/* End PBXSourcesBuildPhase section */

/* Begin PBXTargetDependency section */
		8692EFE11BB7A02B00898709 /* PBXTargetDependency */ = {
			isa = PBXTargetDependency;
			target = 864470E11A979FE600110272 /* TAKKitSwiftSample */;
			targetProxy = 8692EFE01BB7A02B00898709 /* PBXContainerItemProxy */;
		};
/* End PBXTargetDependency section */

/* Begin PBXVariantGroup section */
		864470EB1A979FE600110272 /* Main.storyboard */ = {
			isa = PBXVariantGroup;
			children = (
				864470EC1A979FE600110272 /* Base */,
			);
			name = Main.storyboard;
			sourceTree = "<group>";
		};
		864470F01A979FE600110272 /* LaunchScreen.xib */ = {
			isa = PBXVariantGroup;
			children = (
				864470F11A979FE600110272 /* Base */,
			);
			name = LaunchScreen.xib;
			sourceTree = "<group>";
		};
/* End PBXVariantGroup section */

/* Begin XCBuildConfiguration section */
		864470FF1A979FE600110272 /* Debug */ = {
			isa = XCBuildConfiguration;
			buildSettings = {
				ALWAYS_SEARCH_USER_PATHS = NO;
				CLANG_CXX_LANGUAGE_STANDARD = "gnu++0x";
				CLANG_CXX_LIBRARY = "libc++";
				CLANG_ENABLE_MODULES = YES;
				CLANG_ENABLE_OBJC_ARC = YES;
				CLANG_WARN_BOOL_CONVERSION = YES;
				CLANG_WARN_CONSTANT_CONVERSION = YES;
				CLANG_WARN_DIRECT_OBJC_ISA_USAGE = YES_ERROR;
				CLANG_WARN_EMPTY_BODY = YES;
				CLANG_WARN_ENUM_CONVERSION = YES;
				CLANG_WARN_INT_CONVERSION = YES;
				CLANG_WARN_OBJC_ROOT_CLASS = YES_ERROR;
				CLANG_WARN_UNREACHABLE_CODE = YES;
				CLANG_WARN__DUPLICATE_METHOD_MATCH = YES;
				"CODE_SIGN_IDENTITY[sdk=iphoneos*]" = "iPhone Developer";
				COPY_PHASE_STRIP = NO;
				ENABLE_STRICT_OBJC_MSGSEND = YES;
				ENABLE_TESTABILITY = YES;
				GCC_C_LANGUAGE_STANDARD = gnu99;
				GCC_DYNAMIC_NO_PIC = NO;
				GCC_OPTIMIZATION_LEVEL = 0;
				GCC_PREPROCESSOR_DEFINITIONS = (
					"DEBUG=1",
					"$(inherited)",
				);
				GCC_SYMBOLS_PRIVATE_EXTERN = NO;
				GCC_WARN_64_TO_32_BIT_CONVERSION = YES;
				GCC_WARN_ABOUT_RETURN_TYPE = YES_ERROR;
				GCC_WARN_UNDECLARED_SELECTOR = YES;
				GCC_WARN_UNINITIALIZED_AUTOS = YES_AGGRESSIVE;
				GCC_WARN_UNUSED_FUNCTION = YES;
				GCC_WARN_UNUSED_VARIABLE = YES;
				IPHONEOS_DEPLOYMENT_TARGET = 8.0;
				MTL_ENABLE_DEBUG_INFO = YES;
				ONLY_ACTIVE_ARCH = YES;
				SDKROOT = iphoneos;
				SWIFT_OPTIMIZATION_LEVEL = "-Onone";
				SWIFT_VERSION = 2.3;
			};
			name = Debug;
		};
		864471001A979FE600110272 /* Release */ = {
			isa = XCBuildConfiguration;
			buildSettings = {
				ALWAYS_SEARCH_USER_PATHS = NO;
				CLANG_CXX_LANGUAGE_STANDARD = "gnu++0x";
				CLANG_CXX_LIBRARY = "libc++";
				CLANG_ENABLE_MODULES = YES;
				CLANG_ENABLE_OBJC_ARC = YES;
				CLANG_WARN_BOOL_CONVERSION = YES;
				CLANG_WARN_CONSTANT_CONVERSION = YES;
				CLANG_WARN_DIRECT_OBJC_ISA_USAGE = YES_ERROR;
				CLANG_WARN_EMPTY_BODY = YES;
				CLANG_WARN_ENUM_CONVERSION = YES;
				CLANG_WARN_INT_CONVERSION = YES;
				CLANG_WARN_OBJC_ROOT_CLASS = YES_ERROR;
				CLANG_WARN_UNREACHABLE_CODE = YES;
				CLANG_WARN__DUPLICATE_METHOD_MATCH = YES;
				"CODE_SIGN_IDENTITY[sdk=iphoneos*]" = "iPhone Developer";
				COPY_PHASE_STRIP = YES;
				ENABLE_NS_ASSERTIONS = NO;
				ENABLE_STRICT_OBJC_MSGSEND = YES;
				GCC_C_LANGUAGE_STANDARD = gnu99;
				GCC_WARN_64_TO_32_BIT_CONVERSION = YES;
				GCC_WARN_ABOUT_RETURN_TYPE = YES_ERROR;
				GCC_WARN_UNDECLARED_SELECTOR = YES;
				GCC_WARN_UNINITIALIZED_AUTOS = YES_AGGRESSIVE;
				GCC_WARN_UNUSED_FUNCTION = YES;
				GCC_WARN_UNUSED_VARIABLE = YES;
				IPHONEOS_DEPLOYMENT_TARGET = 8.0;
				MTL_ENABLE_DEBUG_INFO = NO;
				SDKROOT = iphoneos;
				SWIFT_VERSION = 2.3;
				VALIDATE_PRODUCT = YES;
			};
			name = Release;
		};
		864471021A979FE600110272 /* Debug */ = {
			isa = XCBuildConfiguration;
			baseConfigurationReference = B61AEF98FD2F7EB310D161E7 /* Pods-TAKKitSwiftSample.debug.xcconfig */;
			buildSettings = {
				ASSETCATALOG_COMPILER_APPICON_NAME = AppIcon;
				INFOPLIST_FILE = TAKKitSwiftSample/Info.plist;
				LD_RUNPATH_SEARCH_PATHS = "$(inherited) @executable_path/Frameworks";
				PRODUCT_BUNDLE_IDENTIFIER = "net.heartofsword.$(PRODUCT_NAME:rfc1034identifier)";
				PRODUCT_NAME = "$(TARGET_NAME)";
			};
			name = Debug;
		};
		864471031A979FE600110272 /* Release */ = {
			isa = XCBuildConfiguration;
			baseConfigurationReference = A9D6DE33EA6BBC75B3A42907 /* Pods-TAKKitSwiftSample.release.xcconfig */;
			buildSettings = {
				ASSETCATALOG_COMPILER_APPICON_NAME = AppIcon;
				INFOPLIST_FILE = TAKKitSwiftSample/Info.plist;
				LD_RUNPATH_SEARCH_PATHS = "$(inherited) @executable_path/Frameworks";
				PRODUCT_BUNDLE_IDENTIFIER = "net.heartofsword.$(PRODUCT_NAME:rfc1034identifier)";
				PRODUCT_NAME = "$(TARGET_NAME)";
			};
			name = Release;
		};
		8692EFE31BB7A02B00898709 /* Debug */ = {
			isa = XCBuildConfiguration;
			baseConfigurationReference = 2EC7897A5B550E900AE5CA4F /* Pods-TAKKitSwiftSampleTests.debug.xcconfig */;
			buildSettings = {
				BUNDLE_LOADER = "$(TEST_HOST)";
				CLANG_ENABLE_MODULES = YES;
				DEBUG_INFORMATION_FORMAT = dwarf;
				GCC_NO_COMMON_BLOCKS = YES;
				INFOPLIST_FILE = TAKKitSwiftSampleTests/Info.plist;
				IPHONEOS_DEPLOYMENT_TARGET = 9.0;
				LD_RUNPATH_SEARCH_PATHS = "$(inherited) @executable_path/Frameworks @loader_path/Frameworks";
				PRODUCT_BUNDLE_IDENTIFIER = net.heartofsword.TAKKitSwiftSampleTests;
				PRODUCT_NAME = "$(TARGET_NAME)";
				SWIFT_OPTIMIZATION_LEVEL = "-Onone";
				TEST_HOST = "$(BUILT_PRODUCTS_DIR)/TAKKitSwiftSample.app/TAKKitSwiftSample";
			};
			name = Debug;
		};
		8692EFE41BB7A02B00898709 /* Release */ = {
			isa = XCBuildConfiguration;
			baseConfigurationReference = A4D73D43BB75EDCE2DC247C4 /* Pods-TAKKitSwiftSampleTests.release.xcconfig */;
			buildSettings = {
				BUNDLE_LOADER = "$(TEST_HOST)";
				CLANG_ENABLE_MODULES = YES;
				COPY_PHASE_STRIP = NO;
				DEBUG_INFORMATION_FORMAT = "dwarf-with-dsym";
				GCC_NO_COMMON_BLOCKS = YES;
				INFOPLIST_FILE = TAKKitSwiftSampleTests/Info.plist;
				IPHONEOS_DEPLOYMENT_TARGET = 9.0;
				LD_RUNPATH_SEARCH_PATHS = "$(inherited) @executable_path/Frameworks @loader_path/Frameworks";
				PRODUCT_BUNDLE_IDENTIFIER = net.heartofsword.TAKKitSwiftSampleTests;
				PRODUCT_NAME = "$(TARGET_NAME)";
				TEST_HOST = "$(BUILT_PRODUCTS_DIR)/TAKKitSwiftSample.app/TAKKitSwiftSample";
			};
			name = Release;
		};
/* End XCBuildConfiguration section */

/* Begin XCConfigurationList section */
		864470DD1A979FE600110272 /* Build configuration list for PBXProject "TAKKitSwiftSample" */ = {
			isa = XCConfigurationList;
			buildConfigurations = (
				864470FF1A979FE600110272 /* Debug */,
				864471001A979FE600110272 /* Release */,
			);
			defaultConfigurationIsVisible = 0;
			defaultConfigurationName = Release;
		};
		864471011A979FE600110272 /* Build configuration list for PBXNativeTarget "TAKKitSwiftSample" */ = {
			isa = XCConfigurationList;
			buildConfigurations = (
				864471021A979FE600110272 /* Debug */,
				864471031A979FE600110272 /* Release */,
			);
			defaultConfigurationIsVisible = 0;
			defaultConfigurationName = Release;
		};
		8692EFE21BB7A02B00898709 /* Build configuration list for PBXNativeTarget "TAKKitSwiftSampleTests" */ = {
			isa = XCConfigurationList;
			buildConfigurations = (
				8692EFE31BB7A02B00898709 /* Debug */,
				8692EFE41BB7A02B00898709 /* Release */,
			);
			defaultConfigurationIsVisible = 0;
			defaultConfigurationName = Release;
		};
/* End XCConfigurationList section */
	};
	rootObject = 864470DA1A979FE600110272 /* Project object */;
}
